
Microsoft Visual Studio Solution File, Format Version 12.00
# Visual Studio 2012
Project("{FAE04EC0-301F-11D3-BF4B-00C04F79EFBC}") = "RaptoRCon.Sockets", "RaptoRCon.Sockets\RaptoRCon.Sockets.csproj", "{6D6A6210-BD04-48FE-A397-F2AD847DA5D5}"
EndProject
Project("{FAE04EC0-301F-11D3-BF4B-00C04F79EFBC}") = "RaptoRCon.Sockets.Tests", "RaptoRCon.Sockets.Tests\RaptoRCon.Sockets.Tests.csproj", "{E93784F5-14C8-4262-B3E8-86F293EB57AC}"
EndProject
Project("{2150E333-8FDC-42A3-9474-1A3956D46DE8}") = ".nuget", ".nuget", "{8EA866CE-3FCB-449D-9391-65C34548D787}"
	ProjectSection(SolutionItems) = preProject
		.nuget\NuGet.Config = .nuget\NuGet.Config
		.nuget\NuGet.exe = .nuget\NuGet.exe
		.nuget\NuGet.targets = .nuget\NuGet.targets
	EndProjectSection
EndProject
Project("{2150E333-8FDC-42A3-9474-1A3956D46DE8}") = "Tests", "Tests", "{15A27A75-FA8E-4A5F-B269-AA35DC51E78E}"
EndProject
Project("{FAE04EC0-301F-11D3-BF4B-00C04F79EFBC}") = "RaptoRCon.Console", "RaptoRCon.Console\RaptoRCon.Console.csproj", "{23634519-A508-4D26-B7AE-B54C155F0F7E}"
EndProject
Project("{FAE04EC0-301F-11D3-BF4B-00C04F79EFBC}") = "RaptoRCon.Server", "RaptoRCon.Server\RaptoRCon.Server.csproj", "{870416C3-E54C-436A-8C45-89E0E2268F02}"
EndProject
Project("{FAE04EC0-301F-11D3-BF4B-00C04F79EFBC}") = "RaptoRCon.Client.Wpf", "RaptoRCon.Client.Wpf\RaptoRCon.Client.Wpf.csproj", "{3824FB29-EF8B-4AE3-BFF7-16B966BBA40F}"
EndProject
Project("{FAE04EC0-301F-11D3-BF4B-00C04F79EFBC}") = "RaptoRCon.Shared", "RaptoRCon.Shared\RaptoRCon.Shared.csproj", "{D0D98DBC-DD03-42EE-AA80-DACB72FF76F9}"
EndProject
Project("{FAE04EC0-301F-11D3-BF4B-00C04F79EFBC}") = "RaptoRCon.Client.WinForms", "RaptoRCon.Client.WinForms\RaptoRCon.Client.WinForms.csproj", "{000FB447-B284-42ED-A785-37EC14E4A497}"
EndProject
Project("{2150E333-8FDC-42A3-9474-1A3956D46DE8}") = "Client", "Client", "{F7816A59-14AF-48B0-A50A-DE13027B2C50}"
EndProject
Project("{2150E333-8FDC-42A3-9474-1A3956D46DE8}") = "Desktop", "Desktop", "{EF29B68C-C2AF-4B66-95B1-38FF556B728B}"
EndProject
Project("{FAE04EC0-301F-11D3-BF4B-00C04F79EFBC}") = "RaptoRCon.Tests", "RaptoRCon.Tests\RaptoRCon.Tests.csproj", "{BA1AE40F-032B-4B59-AD21-228112D5BE5A}"
EndProject
Project("{FAE04EC0-301F-11D3-BF4B-00C04F79EFBC}") = "RaptoRCon.Server.Tests", "RaptoRCon.Server.Tests\RaptoRCon.Server.Tests.csproj", "{08F69F10-544E-47C2-BD0E-E0CE7BEC6EDE}"
EndProject
Project("{2150E333-8FDC-42A3-9474-1A3956D46DE8}") = "Solution Items", "Solution Items", "{B7059175-780A-4255-987F-256218124A41}"
	ProjectSection(SolutionItems) = preProject
		VersionInfo.cs = VersionInfo.cs
	EndProjectSection
EndProject
Project("{2150E333-8FDC-42A3-9474-1A3956D46DE8}") = "Games", "Games", "{21A8667E-489F-4CDE-9B97-5FC392CF0FA5}"
EndProject
Project("{FAE04EC0-301F-11D3-BF4B-00C04F79EFBC}") = "RaptoRCon.Games", "RaptoRCon.Games\RaptoRCon.Games.csproj", "{8B32417E-A506-4BC6-834A-8077DCEA9D8B}"
EndProject
Project("{2150E333-8FDC-42A3-9474-1A3956D46DE8}") = "Dice", "Dice", "{D8B5D144-9150-49C9-8AC2-D94A3613764D}"
EndProject
Project("{2150E333-8FDC-42A3-9474-1A3956D46DE8}") = "Battlefield4", "Battlefield4", "{DB222A68-7C8C-4262-8E1E-845999F64CD3}"
EndProject
Project("{FAE04EC0-301F-11D3-BF4B-00C04F79EFBC}") = "RaptoRCon.Games.Dice.Battlefield4", "RaptoRCon.Games.Dice.Battlefield4\RaptoRCon.Games.Dice.Battlefield4.csproj", "{AFA3320D-A7DD-46ED-8716-01C00028AB00}"
EndProject
Project("{FAE04EC0-301F-11D3-BF4B-00C04F79EFBC}") = "RaptoRCon.Games.Dice", "RaptoRCon.Games.Dice\RaptoRCon.Games.Dice.csproj", "{D593EF35-E70E-474C-B477-0DEB23DB5EFA}"
EndProject
Project("{FAE04EC0-301F-11D3-BF4B-00C04F79EFBC}") = "RaptoRCon.Games.Dice.Tests", "RaptoRCon.Games.Dice.Tests\RaptoRCon.Games.Dice.Tests.csproj", "{2B13607C-3147-4BC3-B602-E245585FE218}"
EndProject
Global
	GlobalSection(SolutionConfigurationPlatforms) = preSolution
		Debug|Any CPU = Debug|Any CPU
		Release|Any CPU = Release|Any CPU
	EndGlobalSection
	GlobalSection(ProjectConfigurationPlatforms) = postSolution
		{6D6A6210-BD04-48FE-A397-F2AD847DA5D5}.Debug|Any CPU.ActiveCfg = Debug|Any CPU
		{6D6A6210-BD04-48FE-A397-F2AD847DA5D5}.Debug|Any CPU.Build.0 = Debug|Any CPU
		{6D6A6210-BD04-48FE-A397-F2AD847DA5D5}.Release|Any CPU.ActiveCfg = Release|Any CPU
		{6D6A6210-BD04-48FE-A397-F2AD847DA5D5}.Release|Any CPU.Build.0 = Release|Any CPU
		{E93784F5-14C8-4262-B3E8-86F293EB57AC}.Debug|Any CPU.ActiveCfg = Debug|Any CPU
		{E93784F5-14C8-4262-B3E8-86F293EB57AC}.Debug|Any CPU.Build.0 = Debug|Any CPU
		{E93784F5-14C8-4262-B3E8-86F293EB57AC}.Release|Any CPU.ActiveCfg = Release|Any CPU
		{E93784F5-14C8-4262-B3E8-86F293EB57AC}.Release|Any CPU.Build.0 = Release|Any CPU
		{23634519-A508-4D26-B7AE-B54C155F0F7E}.Debug|Any CPU.ActiveCfg = Debug|Any CPU
		{23634519-A508-4D26-B7AE-B54C155F0F7E}.Debug|Any CPU.Build.0 = Debug|Any CPU
		{23634519-A508-4D26-B7AE-B54C155F0F7E}.Release|Any CPU.ActiveCfg = Release|Any CPU
		{23634519-A508-4D26-B7AE-B54C155F0F7E}.Release|Any CPU.Build.0 = Release|Any CPU
		{870416C3-E54C-436A-8C45-89E0E2268F02}.Debug|Any CPU.ActiveCfg = Debug|Any CPU
		{870416C3-E54C-436A-8C45-89E0E2268F02}.Debug|Any CPU.Build.0 = Debug|Any CPU
		{870416C3-E54C-436A-8C45-89E0E2268F02}.Release|Any CPU.ActiveCfg = Release|Any CPU
		{870416C3-E54C-436A-8C45-89E0E2268F02}.Release|Any CPU.Build.0 = Release|Any CPU
		{3824FB29-EF8B-4AE3-BFF7-16B966BBA40F}.Debug|Any CPU.ActiveCfg = Debug|Any CPU
		{3824FB29-EF8B-4AE3-BFF7-16B966BBA40F}.Debug|Any CPU.Build.0 = Debug|Any CPU
		{3824FB29-EF8B-4AE3-BFF7-16B966BBA40F}.Release|Any CPU.ActiveCfg = Release|Any CPU
		{3824FB29-EF8B-4AE3-BFF7-16B966BBA40F}.Release|Any CPU.Build.0 = Release|Any CPU
		{D0D98DBC-DD03-42EE-AA80-DACB72FF76F9}.Debug|Any CPU.ActiveCfg = Debug|Any CPU
		{D0D98DBC-DD03-42EE-AA80-DACB72FF76F9}.Debug|Any CPU.Build.0 = Debug|Any CPU
		{D0D98DBC-DD03-42EE-AA80-DACB72FF76F9}.Release|Any CPU.ActiveCfg = Release|Any CPU
		{D0D98DBC-DD03-42EE-AA80-DACB72FF76F9}.Release|Any CPU.Build.0 = Release|Any CPU
		{000FB447-B284-42ED-A785-37EC14E4A497}.Debug|Any CPU.ActiveCfg = Debug|Any CPU
		{000FB447-B284-42ED-A785-37EC14E4A497}.Debug|Any CPU.Build.0 = Debug|Any CPU
		{000FB447-B284-42ED-A785-37EC14E4A497}.Release|Any CPU.ActiveCfg = Release|Any CPU
		{000FB447-B284-42ED-A785-37EC14E4A497}.Release|Any CPU.Build.0 = Release|Any CPU
		{BA1AE40F-032B-4B59-AD21-228112D5BE5A}.Debug|Any CPU.ActiveCfg = Debug|Any CPU
		{BA1AE40F-032B-4B59-AD21-228112D5BE5A}.Debug|Any CPU.Build.0 = Debug|Any CPU
		{BA1AE40F-032B-4B59-AD21-228112D5BE5A}.Release|Any CPU.ActiveCfg = Release|Any CPU
		{BA1AE40F-032B-4B59-AD21-228112D5BE5A}.Release|Any CPU.Build.0 = Release|Any CPU
		{08F69F10-544E-47C2-BD0E-E0CE7BEC6EDE}.Debug|Any CPU.ActiveCfg = Debug|Any CPU
		{08F69F10-544E-47C2-BD0E-E0CE7BEC6EDE}.Debug|Any CPU.Build.0 = Debug|Any CPU
		{08F69F10-544E-47C2-BD0E-E0CE7BEC6EDE}.Release|Any CPU.ActiveCfg = Release|Any CPU
		{08F69F10-544E-47C2-BD0E-E0CE7BEC6EDE}.Release|Any CPU.Build.0 = Release|Any CPU
		{8B32417E-A506-4BC6-834A-8077DCEA9D8B}.Debug|Any CPU.ActiveCfg = Debug|Any CPU
		{8B32417E-A506-4BC6-834A-8077DCEA9D8B}.Debug|Any CPU.Build.0 = Debug|Any CPU
		{8B32417E-A506-4BC6-834A-8077DCEA9D8B}.Release|Any CPU.ActiveCfg = Release|Any CPU
		{8B32417E-A506-4BC6-834A-8077DCEA9D8B}.Release|Any CPU.Build.0 = Release|Any CPU
		{AFA3320D-A7DD-46ED-8716-01C00028AB00}.Debug|Any CPU.ActiveCfg = Debug|Any CPU
		{AFA3320D-A7DD-46ED-8716-01C00028AB00}.Debug|Any CPU.Build.0 = Debug|Any CPU
		{AFA3320D-A7DD-46ED-8716-01C00028AB00}.Release|Any CPU.ActiveCfg = Release|Any CPU
		{AFA3320D-A7DD-46ED-8716-01C00028AB00}.Release|Any CPU.Build.0 = Release|Any CPU
		{D593EF35-E70E-474C-B477-0DEB23DB5EFA}.Debug|Any CPU.ActiveCfg = Debug|Any CPU
		{D593EF35-E70E-474C-B477-0DEB23DB5EFA}.Debug|Any CPU.Build.0 = Debug|Any CPU
		{D593EF35-E70E-474C-B477-0DEB23DB5EFA}.Release|Any CPU.ActiveCfg = Release|Any CPU
		{D593EF35-E70E-474C-B477-0DEB23DB5EFA}.Release|Any CPU.Build.0 = Release|Any CPU
		{2B13607C-3147-4BC3-B602-E245585FE218}.Debug|Any CPU.ActiveCfg = Debug|Any CPU
		{2B13607C-3147-4BC3-B602-E245585FE218}.Debug|Any CPU.Build.0 = Debug|Any CPU
		{2B13607C-3147-4BC3-B602-E245585FE218}.Release|Any CPU.ActiveCfg = Release|Any CPU
		{2B13607C-3147-4BC3-B602-E245585FE218}.Release|Any CPU.Build.0 = Release|Any CPU
	EndGlobalSection
	GlobalSection(SolutionProperties) = preSolution
		HideSolutionNode = FALSE
	EndGlobalSection
	GlobalSection(NestedProjects) = preSolution
		{D8B5D144-9150-49C9-8AC2-D94A3613764D} = {21A8667E-489F-4CDE-9B97-5FC392CF0FA5}
		{6D6A6210-BD04-48FE-A397-F2AD847DA5D5} = {21A8667E-489F-4CDE-9B97-5FC392CF0FA5}
		{8B32417E-A506-4BC6-834A-8077DCEA9D8B} = {21A8667E-489F-4CDE-9B97-5FC392CF0FA5}
		{E93784F5-14C8-4262-B3E8-86F293EB57AC} = {15A27A75-FA8E-4A5F-B269-AA35DC51E78E}
		{BA1AE40F-032B-4B59-AD21-228112D5BE5A} = {15A27A75-FA8E-4A5F-B269-AA35DC51E78E}
		{08F69F10-544E-47C2-BD0E-E0CE7BEC6EDE} = {15A27A75-FA8E-4A5F-B269-AA35DC51E78E}
		{2B13607C-3147-4BC3-B602-E245585FE218} = {15A27A75-FA8E-4A5F-B269-AA35DC51E78E}
		{DB222A68-7C8C-4262-8E1E-845999F64CD3} = {D8B5D144-9150-49C9-8AC2-D94A3613764D}
		{D593EF35-E70E-474C-B477-0DEB23DB5EFA} = {D8B5D144-9150-49C9-8AC2-D94A3613764D}
		{EF29B68C-C2AF-4B66-95B1-38FF556B728B} = {F7816A59-14AF-48B0-A50A-DE13027B2C50}
		{3824FB29-EF8B-4AE3-BFF7-16B966BBA40F} = {EF29B68C-C2AF-4B66-95B1-38FF556B728B}
		{000FB447-B284-42ED-A785-37EC14E4A497} = {EF29B68C-C2AF-4B66-95B1-38FF556B728B}
		{AFA3320D-A7DD-46ED-8716-01C00028AB00} = {DB222A68-7C8C-4262-8E1E-845999F64CD3}
	EndGlobalSection
EndGlobal
